
Microsoft Visual Studio Solution File, Format Version 12.00
# Visual Studio 15
VisualStudioVersion = 15.0.28307.168
MinimumVisualStudioVersion = 10.0.40219.1
Project("{FAE04EC0-301F-11D3-BF4B-00C04F79EFBC}") = "P01_HospitalDatabase", "P01_HospitalDatabase\P01_HospitalDatabase.csproj", "{7B5C5B78-9CFD-444F-8C8D-0F54BADD33E5}"
EndProject
Project("{FAE04EC0-301F-11D3-BF4B-00C04F79EFBC}") = "P03_SalesDatabase", "P03_SalesDatabase\P03_SalesDatabase.csproj", "{C6EA64BF-4337-4552-A478-2D8E9B087FBA}"
EndProject
Global
	GlobalSection(SolutionConfigurationPlatforms) = preSolution
		Debug|Any CPU = Debug|Any CPU
		Release|Any CPU = Release|Any CPU
	EndGlobalSection
	GlobalSection(ProjectConfigurationPlatforms) = postSolution
		{7B5C5B78-9CFD-444F-8C8D-0F54BADD33E5}.Debug|Any CPU.ActiveCfg = Debug|Any CPU
		{7B5C5B78-9CFD-444F-8C8D-0F54BADD33E5}.Debug|Any CPU.Build.0 = Debug|Any CPU
		{7B5C5B78-9CFD-444F-8C8D-0F54BADD33E5}.Release|Any CPU.ActiveCfg = Release|Any CPU
		{7B5C5B78-9CFD-444F-8C8D-0F54BADD33E5}.Release|Any CPU.Build.0 = Release|Any CPU
		{C6EA64BF-4337-4552-A478-2D8E9B087FBA}.Debug|Any CPU.ActiveCfg = Debug|Any CPU
		{C6EA64BF-4337-4552-A478-2D8E9B087FBA}.Debug|Any CPU.Build.0 = Debug|Any CPU
		{C6EA64BF-4337-4552-A478-2D8E9B087FBA}.Release|Any CPU.ActiveCfg = Release|Any CPU
		{C6EA64BF-4337-4552-A478-2D8E9B087FBA}.Release|Any CPU.Build.0 = Release|Any CPU
	EndGlobalSection
	GlobalSection(SolutionProperties) = preSolution
		HideSolutionNode = FALSE
	EndGlobalSection
	GlobalSection(ExtensibilityGlobals) = postSolution
		SolutionGuid = {4FC2FC16-4674-44F1-8F5D-8BF197032D1A}
	EndGlobalSection
EndGlobal
